
Microsoft Visual Studio Solution File, Format Version 12.00
# Visual Studio Version 16
VisualStudioVersion = 16.0.29306.81
MinimumVisualStudioVersion = 10.0.40219.1
Project("{FAE04EC0-301F-11D3-BF4B-00C04F79EFBC}") = "WinFormTask", "WinFormTask\WinFormTask.csproj", "{EC8A3748-4B3A-4F88-935E-4076844ECAAE}"
EndProject
Project("{FAE04EC0-301F-11D3-BF4B-00C04F79EFBC}") = "ConsoleTask", "ConsoleTask\ConsoleTask.csproj", "{D9669B86-BA0B-43EA-BCB7-807F4C424E13}"
EndProject
Global
	GlobalSection(SolutionConfigurationPlatforms) = preSolution
		Debug|Any CPU = Debug|Any CPU
		Release|Any CPU = Release|Any CPU
	EndGlobalSection
	GlobalSection(ProjectConfigurationPlatforms) = postSolution
		{EC8A3748-4B3A-4F88-935E-4076844ECAAE}.Debug|Any CPU.ActiveCfg = Debug|Any CPU
		{EC8A3748-4B3A-4F88-935E-4076844ECAAE}.Debug|Any CPU.Build.0 = Debug|Any CPU
		{EC8A3748-4B3A-4F88-935E-4076844ECAAE}.Release|Any CPU.ActiveCfg = Release|Any CPU
		{EC8A3748-4B3A-4F88-935E-4076844ECAAE}.Release|Any CPU.Build.0 = Release|Any CPU
		{D9669B86-BA0B-43EA-BCB7-807F4C424E13}.Debug|Any CPU.ActiveCfg = Debug|Any CPU
		{D9669B86-BA0B-43EA-BCB7-807F4C424E13}.Debug|Any CPU.Build.0 = Debug|Any CPU
		{D9669B86-BA0B-43EA-BCB7-807F4C424E13}.Release|Any CPU.ActiveCfg = Release|Any CPU
		{D9669B86-BA0B-43EA-BCB7-807F4C424E13}.Release|Any CPU.Build.0 = Release|Any CPU
	EndGlobalSection
	GlobalSection(SolutionProperties) = preSolution
		HideSolutionNode = FALSE
	EndGlobalSection
	GlobalSection(ExtensibilityGlobals) = postSolution
		SolutionGuid = {F6BEA798-D41F-47CF-A579-4AC7F8BF10FB}
	EndGlobalSection
EndGlobal
